
Microsoft Visual Studio Solution File, Format Version 12.00
# Visual Studio 15
Project("{FAE04EC0-301F-11D3-BF4B-00C04F79EFBC}") = "leap2", "leap2.csproj", "{87B05D6A-3F61-5C31-1B2C-205965690AA1}"
EndProject
Project("{FAE04EC0-301F-11D3-BF4B-00C04F79EFBC}") = "leap2.Editor", "leap2.Editor.csproj", "{D10E564D-5FA6-EB17-DC17-7243FD5D2626}"
EndProject
Global
	GlobalSection(SolutionConfigurationPlatforms) = preSolution
		Debug|Any CPU = Debug|Any CPU
		Release|Any CPU = Release|Any CPU
	EndGlobalSection
	GlobalSection(ProjectConfigurationPlatforms) = postSolution
		{87B05D6A-3F61-5C31-1B2C-205965690AA1}.Debug|Any CPU.ActiveCfg = Debug|Any CPU
		{87B05D6A-3F61-5C31-1B2C-205965690AA1}.Debug|Any CPU.Build.0 = Debug|Any CPU
		{87B05D6A-3F61-5C31-1B2C-205965690AA1}.Release|Any CPU.ActiveCfg = Release|Any CPU
		{87B05D6A-3F61-5C31-1B2C-205965690AA1}.Release|Any CPU.Build.0 = Release|Any CPU
		{D10E564D-5FA6-EB17-DC17-7243FD5D2626}.Debug|Any CPU.ActiveCfg = Debug|Any CPU
		{D10E564D-5FA6-EB17-DC17-7243FD5D2626}.Debug|Any CPU.Build.0 = Debug|Any CPU
		{D10E564D-5FA6-EB17-DC17-7243FD5D2626}.Release|Any CPU.ActiveCfg = Release|Any CPU
		{D10E564D-5FA6-EB17-DC17-7243FD5D2626}.Release|Any CPU.Build.0 = Release|Any CPU
	EndGlobalSection
	GlobalSection(SolutionProperties) = preSolution
		HideSolutionNode = FALSE
	EndGlobalSection
EndGlobal
